
Microsoft Visual Studio Solution File, Format Version 12.00
# Visual Studio Version 16
VisualStudioVersion = 16.0.31112.23
MinimumVisualStudioVersion = 10.0.40219.1
Project("{FAE04EC0-301F-11D3-BF4B-00C04F79EFBC}") = "Lab01", "Lab01.csproj", "{F630762C-14E1-485C-A6DA-21BB46EF7D7C}"
EndProject
Global
	GlobalSection(SolutionConfigurationPlatforms) = preSolution
		Debug|Any CPU = Debug|Any CPU
		Release|Any CPU = Release|Any CPU
	EndGlobalSection
	GlobalSection(ProjectConfigurationPlatforms) = postSolution
		{F630762C-14E1-485C-A6DA-21BB46EF7D7C}.Debug|Any CPU.ActiveCfg = Debug|Any CPU
		{F630762C-14E1-485C-A6DA-21BB46EF7D7C}.Debug|Any CPU.Build.0 = Debug|Any CPU
		{F630762C-14E1-485C-A6DA-21BB46EF7D7C}.Release|Any CPU.ActiveCfg = Release|Any CPU
		{F630762C-14E1-485C-A6DA-21BB46EF7D7C}.Release|Any CPU.Build.0 = Release|Any CPU
	EndGlobalSection
	GlobalSection(SolutionProperties) = preSolution
		HideSolutionNode = FALSE
	EndGlobalSection
	GlobalSection(ExtensibilityGlobals) = postSolution
		SolutionGuid = {59291B40-1721-4701-9402-548F7BC5858B}
	EndGlobalSection
EndGlobal
