
Microsoft Visual Studio Solution File, Format Version 12.00
# Visual Studio Version 16
VisualStudioVersion = 16.0.31112.23
MinimumVisualStudioVersion = 10.0.40219.1
Project("{FAE04EC0-301F-11D3-BF4B-00C04F79EFBC}") = "UI.Desktop", "UI.Desktop\UI.Desktop.csproj", "{8B5C7654-AE52-47C7-94CE-50A6CD6862B1}"
EndProject
Project("{FAE04EC0-301F-11D3-BF4B-00C04F79EFBC}") = "Business.Logic", "..\Business.Logic\Business.Logic.csproj", "{016157D3-75DE-4BD9-A0A8-49FA52882806}"
EndProject
Project("{FAE04EC0-301F-11D3-BF4B-00C04F79EFBC}") = "Util", "..\Util\Util.csproj", "{D221B92A-F374-4938-BE1A-783227B4E266}"
EndProject
Project("{FAE04EC0-301F-11D3-BF4B-00C04F79EFBC}") = "Business.Entities", "..\Business.Entities\Business.Entities.csproj", "{4178728E-BEDE-4648-93D4-F5CD802FDAB2}"
EndProject
Project("{FAE04EC0-301F-11D3-BF4B-00C04F79EFBC}") = "UI.Web", "..\UI.Web\UI.Web.csproj", "{6CADDACA-3503-4593-9EA3-8327126BE249}"
EndProject
Global
	GlobalSection(SolutionConfigurationPlatforms) = preSolution
		Debug|Any CPU = Debug|Any CPU
		Release|Any CPU = Release|Any CPU
	EndGlobalSection
	GlobalSection(ProjectConfigurationPlatforms) = postSolution
		{8B5C7654-AE52-47C7-94CE-50A6CD6862B1}.Debug|Any CPU.ActiveCfg = Debug|Any CPU
		{8B5C7654-AE52-47C7-94CE-50A6CD6862B1}.Debug|Any CPU.Build.0 = Debug|Any CPU
		{8B5C7654-AE52-47C7-94CE-50A6CD6862B1}.Release|Any CPU.ActiveCfg = Release|Any CPU
		{8B5C7654-AE52-47C7-94CE-50A6CD6862B1}.Release|Any CPU.Build.0 = Release|Any CPU
		{016157D3-75DE-4BD9-A0A8-49FA52882806}.Debug|Any CPU.ActiveCfg = Debug|Any CPU
		{016157D3-75DE-4BD9-A0A8-49FA52882806}.Debug|Any CPU.Build.0 = Debug|Any CPU
		{016157D3-75DE-4BD9-A0A8-49FA52882806}.Release|Any CPU.ActiveCfg = Release|Any CPU
		{016157D3-75DE-4BD9-A0A8-49FA52882806}.Release|Any CPU.Build.0 = Release|Any CPU
		{D221B92A-F374-4938-BE1A-783227B4E266}.Debug|Any CPU.ActiveCfg = Debug|Any CPU
		{D221B92A-F374-4938-BE1A-783227B4E266}.Debug|Any CPU.Build.0 = Debug|Any CPU
		{D221B92A-F374-4938-BE1A-783227B4E266}.Release|Any CPU.ActiveCfg = Release|Any CPU
		{D221B92A-F374-4938-BE1A-783227B4E266}.Release|Any CPU.Build.0 = Release|Any CPU
		{4178728E-BEDE-4648-93D4-F5CD802FDAB2}.Debug|Any CPU.ActiveCfg = Debug|Any CPU
		{4178728E-BEDE-4648-93D4-F5CD802FDAB2}.Debug|Any CPU.Build.0 = Debug|Any CPU
		{4178728E-BEDE-4648-93D4-F5CD802FDAB2}.Release|Any CPU.ActiveCfg = Release|Any CPU
		{4178728E-BEDE-4648-93D4-F5CD802FDAB2}.Release|Any CPU.Build.0 = Release|Any CPU
		{6CADDACA-3503-4593-9EA3-8327126BE249}.Debug|Any CPU.ActiveCfg = Debug|Any CPU
		{6CADDACA-3503-4593-9EA3-8327126BE249}.Debug|Any CPU.Build.0 = Debug|Any CPU
		{6CADDACA-3503-4593-9EA3-8327126BE249}.Release|Any CPU.ActiveCfg = Release|Any CPU
		{6CADDACA-3503-4593-9EA3-8327126BE249}.Release|Any CPU.Build.0 = Release|Any CPU
	EndGlobalSection
	GlobalSection(SolutionProperties) = preSolution
		HideSolutionNode = FALSE
	EndGlobalSection
	GlobalSection(ExtensibilityGlobals) = postSolution
		SolutionGuid = {E38FE62E-171D-4646-AFBD-9E1711B8D237}
	EndGlobalSection
EndGlobal
